
Microsoft Visual Studio Solution File, Format Version 12.00
Project("{FAE04EC0-301F-11D3-BF4B-00C04F79EFBC}") = "StudentManager", "StudentManager\StudentManager.csproj", "{4717368D-19BD-4EA3-B38F-62B136078059}"
EndProject
Project("{FAE04EC0-301F-11D3-BF4B-00C04F79EFBC}") = "StudentManagerTest", "StudentManagerTest\StudentManagerTest.csproj", "{8471B0D0-32D5-4841-82D8-E0AB13ED343F}"
EndProject
Global
	GlobalSection(SolutionConfigurationPlatforms) = preSolution
		Debug|Any CPU = Debug|Any CPU
		Release|Any CPU = Release|Any CPU
	EndGlobalSection
	GlobalSection(ProjectConfigurationPlatforms) = postSolution
		{4717368D-19BD-4EA3-B38F-62B136078059}.Debug|Any CPU.ActiveCfg = Debug|Any CPU
		{4717368D-19BD-4EA3-B38F-62B136078059}.Debug|Any CPU.Build.0 = Debug|Any CPU
		{4717368D-19BD-4EA3-B38F-62B136078059}.Release|Any CPU.ActiveCfg = Release|Any CPU
		{4717368D-19BD-4EA3-B38F-62B136078059}.Release|Any CPU.Build.0 = Release|Any CPU
		{8471B0D0-32D5-4841-82D8-E0AB13ED343F}.Debug|Any CPU.ActiveCfg = Debug|Any CPU
		{8471B0D0-32D5-4841-82D8-E0AB13ED343F}.Debug|Any CPU.Build.0 = Debug|Any CPU
		{8471B0D0-32D5-4841-82D8-E0AB13ED343F}.Release|Any CPU.ActiveCfg = Release|Any CPU
		{8471B0D0-32D5-4841-82D8-E0AB13ED343F}.Release|Any CPU.Build.0 = Release|Any CPU
	EndGlobalSection
EndGlobal
